<?xml version="1.0" encoding="utf-8"?>
<Project ToolsVersion="4.0" xmlns="http://schemas.microsoft.com/developer/msbuild/2003">
  <ItemGroup>
    <Filter Include="Form Files">
      <UniqueIdentifier>{99349809-55BA-4b9d-BF79-8FDBB0286EB3}</UniqueIdentifier>
      <Extensions>ui</Extensions>
      <ParseFiles>false</ParseFiles>
    </Filter>
    <Filter Include="Form Files">
      <UniqueIdentifier>{99349809-55BA-4b9d-BF79-8FDBB0286EB3}</UniqueIdentifier>
      <Extensions>ui</Extensions>
      <ParseFiles>false</ParseFiles>
    </Filter>
    <Filter Include="Generated Files">
      <UniqueIdentifier>{71ED8ED8-ACB9-4CE9-BBE1-E00B30144E11}</UniqueIdentifier>
      <Extensions>cpp;c;cxx;moc;h;def;odl;idl;res;</Extensions>
    </Filter>
    <Filter Include="Generated Files">
      <UniqueIdentifier>{71ED8ED8-ACB9-4CE9-BBE1-E00B30144E11}</UniqueIdentifier>
      <Extensions>cpp;c;cxx;moc;h;def;odl;idl;res;</Extensions>
    </Filter>
    <Filter Include="Header Files">
      <UniqueIdentifier>{93995380-89BD-4b04-88EB-625FBE52EBFB}</UniqueIdentifier>
      <Extensions>h;hpp;hxx;hm;inl;inc;xsd</Extensions>
    </Filter>
    <Filter Include="Header Files">
      <UniqueIdentifier>{93995380-89BD-4b04-88EB-625FBE52EBFB}</UniqueIdentifier>
      <Extensions>h;hpp;hxx;hm;inl;inc;xsd</Extensions>
    </Filter>
    <Filter Include="Source Files">
      <UniqueIdentifier>{4FC737F1-C7A5-4376-A066-2A32D752A2FF}</UniqueIdentifier>
      <Extensions>cpp;c;cxx;def;odl;idl;hpj;bat;asm;asmx</Extensions>
    </Filter>
    <Filter Include="Source Files">
      <UniqueIdentifier>{4FC737F1-C7A5-4376-A066-2A32D752A2FF}</UniqueIdentifier>
      <Extensions>cpp;c;cxx;def;odl;idl;hpj;bat;asm;asmx</Extensions>
    </Filter>
    <Filter Include="Generated Files\Debug">
      <UniqueIdentifier>{3e6e8ca8-6ac3-4177-ac4e-92abb80560f0}</UniqueIdentifier>
      <Extensions>cpp;moc</Extensions>
      <SourceControlFiles>False</SourceControlFiles>
    </Filter>
    <Filter Include="Generated Files\Release">
      <UniqueIdentifier>{2895ee88-5177-462f-92b5-f59ee21cbc30}</UniqueIdentifier>
      <Extensions>cpp;moc</Extensions>
      <SourceControlFiles>False</SourceControlFiles>
    </Filter>
    <Filter Include="Resource Files">
      <UniqueIdentifier>{D9D6E242-F8AF-46E4-B9FD-80ECBC20BA3E}</UniqueIdentifier>
      <Extensions>qrc;*</Extensions>
      <ParseFiles>false</ParseFiles>
    </Filter>
  </ItemGroup>
  <ItemGroup>
    <ClCompile Include="MainWindow.cpp">
      <Filter>Source Files</Filter>
    </ClCompile>
    <ClCompile Include="main.cpp">
      <Filter>Source Files</Filter>
    </ClCompile>
    <ClCompile Include="GeneratedFiles\Debug\moc_MainWindow.cpp">
      <Filter>Generated Files\Debug</Filter>
    </ClCompile>
    <ClCompile Include="GeneratedFiles\Release\moc_MainWindow.cpp">
      <Filter>Generated Files\Release</Filter>
    </ClCompile>
    <ClCompile Include="GeneratedFiles\Debug\moc_MediaExplorerPresenter.cpp">
      <Filter>Generated Files\Debug</Filter>
    </ClCompile>
    <ClCompile Include="GeneratedFiles\Release\moc_MediaExplorerPresenter.cpp">
      <Filter>Generated Files\Release</Filter>
    </ClCompile>
    <ClCompile Include="GeneratedFiles\Debug\moc_PlaybackPresenter.cpp">
      <Filter>Generated Files\Debug</Filter>
    </ClCompile>
    <ClCompile Include="GeneratedFiles\Release\moc_PlaybackPresenter.cpp">
      <Filter>Generated Files\Release</Filter>
    </ClCompile>
    <ClCompile Include="Presenter\MediaExplorerPresenter.cpp">
      <Filter>Source Files</Filter>
    </ClCompile>
    <ClCompile Include="Presenter\PlaybackPresenter.cpp">
      <Filter>Source Files</Filter>
    </ClCompile>
    <ClCompile Include="Model\MediaExplorerModel.cpp">
      <Filter>Source Files</Filter>
    </ClCompile>
    <ClCompile Include="GeneratedFiles\Debug\moc_MediaExplorerModel.cpp">
      <Filter>Generated Files\Debug</Filter>
    </ClCompile>
    <ClCompile Include="GeneratedFiles\Release\moc_MediaExplorerModel.cpp">
      <Filter>Generated Files\Release</Filter>
    </ClCompile>
    <ClCompile Include="Model\MediaListFileSystemModel.cpp">
      <Filter>Source Files</Filter>
    </ClCompile>
    <ClCompile Include="GeneratedFiles\Debug\moc_MediaListFileSystemModel.cpp">
      <Filter>Generated Files\Debug</Filter>
    </ClCompile>
    <ClCompile Include="GeneratedFiles\Release\moc_MediaListFileSystemModel.cpp">
      <Filter>Generated Files\Release</Filter>
    </ClCompile>
    <ClCompile Include="DataStorage\StaticMemoryAllocator.cpp">
      <Filter>Source Files</Filter>
    </ClCompile>
    <ClCompile Include="DataProvider\FFmpegDataProvider.cpp">
      <Filter>Source Files</Filter>
    </ClCompile>
    <ClCompile Include="DataProvider\LibRawDataProvider.cpp">
      <Filter>Source Files</Filter>
    </ClCompile>
    <ClCompile Include="DataProvider\RawSpeedDataProvider.cpp">
      <Filter>Source Files</Filter>
    </ClCompile>
    <ClCompile Include="Core\Context.cpp">
      <Filter>Source Files</Filter>
    </ClCompile>
    <ClCompile Include="GeneratedFiles\Debug\moc_Context.cpp">
      <Filter>Generated Files\Debug</Filter>
    </ClCompile>
    <ClCompile Include="GeneratedFiles\Release\moc_Context.cpp">
      <Filter>Generated Files\Release</Filter>
    </ClCompile>
    <ClCompile Include="GeneratedFiles\qrc_Resources.cpp">
      <Filter>Generated Files</Filter>
    </ClCompile>
    <ClCompile Include="GeneratedFiles\Debug\moc_ThumbnailThread.cpp">
      <Filter>Generated Files\Debug</Filter>
    </ClCompile>
    <ClCompile Include="GeneratedFiles\Release\moc_ThumbnailThread.cpp">
      <Filter>Generated Files\Release</Filter>
    </ClCompile>
    <ClCompile Include="GeneratedFiles\Debug\moc_PreviewPane.cpp">
      <Filter>Generated Files\Debug</Filter>
    </ClCompile>
    <ClCompile Include="GeneratedFiles\Release\moc_PreviewPane.cpp">
      <Filter>Generated Files\Release</Filter>
    </ClCompile>
    <ClCompile Include="GeneratedFiles\Debug\moc_PlaybackSlider.cpp">
      <Filter>Generated Files\Debug</Filter>
    </ClCompile>
    <ClCompile Include="GeneratedFiles\Release\moc_PlaybackSlider.cpp">
      <Filter>Generated Files\Release</Filter>
    </ClCompile>
    <ClCompile Include="GeneratedFiles\Debug\moc_NewMainWindow.cpp">
      <Filter>Generated Files\Debug</Filter>
    </ClCompile>
    <ClCompile Include="GeneratedFiles\Release\moc_NewMainWindow.cpp">
      <Filter>Generated Files\Release</Filter>
    </ClCompile>
    <ClCompile Include="GeneratedFiles\Debug\moc_MediaListWidget.cpp">
      <Filter>Generated Files\Debug</Filter>
    </ClCompile>
    <ClCompile Include="GeneratedFiles\Release\moc_MediaListWidget.cpp">
      <Filter>Generated Files\Release</Filter>
    </ClCompile>
    <ClCompile Include="GeneratedFiles\Debug\moc_MediaListItemWidget.cpp">
      <Filter>Generated Files\Debug</Filter>
    </ClCompile>
    <ClCompile Include="GeneratedFiles\Release\moc_MediaListItemWidget.cpp">
      <Filter>Generated Files\Release</Filter>
    </ClCompile>
    <ClCompile Include="GeneratedFiles\Debug\moc_MediaExplorerView.cpp">
      <Filter>Generated Files\Debug</Filter>
    </ClCompile>
    <ClCompile Include="GeneratedFiles\Release\moc_MediaExplorerView.cpp">
      <Filter>Generated Files\Release</Filter>
    </ClCompile>
    <ClCompile Include="GeneratedFiles\Debug\moc_ImageSource.cpp">
      <Filter>Generated Files\Debug</Filter>
    </ClCompile>
    <ClCompile Include="GeneratedFiles\Release\moc_ImageSource.cpp">
      <Filter>Generated Files\Release</Filter>
    </ClCompile>
    <ClCompile Include="GeneratedFiles\Debug\moc_FileBrowserView.cpp">
      <Filter>Generated Files\Debug</Filter>
    </ClCompile>
    <ClCompile Include="GeneratedFiles\Release\moc_FileBrowserView.cpp">
      <Filter>Generated Files\Release</Filter>
    </ClCompile>
    <ClCompile Include="GeneratedFiles\Debug\moc_Console.cpp">
      <Filter>Generated Files\Debug</Filter>
    </ClCompile>
    <ClCompile Include="GeneratedFiles\Release\moc_Console.cpp">
      <Filter>Generated Files\Release</Filter>
    </ClCompile>
    <ClCompile Include="ThumbnailThread.cpp">
      <Filter>Source Files</Filter>
    </ClCompile>
    <ClCompile Include="PreviewPane.cpp">
      <Filter>Source Files</Filter>
    </ClCompile>
    <ClCompile Include="PlaybackSlider.cpp">
      <Filter>Source Files</Filter>
    </ClCompile>
    <ClCompile Include="NewMainWindow.cpp">
      <Filter>Source Files</Filter>
    </ClCompile>
    <ClCompile Include="MediaListWidget.cpp">
      <Filter>Source Files</Filter>
    </ClCompile>
    <ClCompile Include="MediaListItemWidget.cpp">
      <Filter>Source Files</Filter>
    </ClCompile>
    <ClCompile Include="MediaExplorerView.cpp">
      <Filter>Source Files</Filter>
    </ClCompile>
    <ClCompile Include="ImageSource.cpp">
      <Filter>Source Files</Filter>
    </ClCompile>
    <ClCompile Include="FileBrowserView.cpp">
      <Filter>Source Files</Filter>
    </ClCompile>
    <ClCompile Include="Console.cpp">
      <Filter>Source Files</Filter>
    </ClCompile>
  </ItemGroup>
  <ItemGroup>
    <CustomBuild Include="MainWindow.h">
      <Filter>Header Files</Filter>
    </CustomBuild>
    <CustomBuild Include="Presenter\MediaExplorerPresenter.h">
      <Filter>Header Files</Filter>
    </CustomBuild>
    <CustomBuild Include="Presenter\PlaybackPresenter.h">
      <Filter>Header Files</Filter>
    </CustomBuild>
    <CustomBuild Include="Model\MediaExplorerModel.h">
      <Filter>Header Files</Filter>
    </CustomBuild>
    <CustomBuild Include="Model\MediaListFileSystemModel.h">
      <Filter>Header Files</Filter>
    </CustomBuild>
    <CustomBuild Include="Core\Context.h">
      <Filter>Header Files</Filter>
    </CustomBuild>
    <CustomBuild Include="Console.h">
      <Filter>Source Files</Filter>
    </CustomBuild>
    <CustomBuild Include="MediaExplorerView.ui">
      <Filter>Form Files</Filter>
    </CustomBuild>
    <CustomBuild Include="MediaListItemWidget.ui">
      <Filter>Form Files</Filter>
    </CustomBuild>
    <CustomBuild Include="MediaListWidget.ui">
      <Filter>Form Files</Filter>
    </CustomBuild>
    <CustomBuild Include="NewMainWindow.ui">
      <Filter>Form Files</Filter>
    </CustomBuild>
    <CustomBuild Include="PlaybackSlider.ui">
      <Filter>Form Files</Filter>
    </CustomBuild>
    <CustomBuild Include="PreviewPane.ui">
      <Filter>Form Files</Filter>
    </CustomBuild>
    <CustomBuild Include="FileBrowserView.ui">
      <Filter>Form Files</Filter>
    </CustomBuild>
    <CustomBuild Include="Console.ui">
      <Filter>Form Files</Filter>
    </CustomBuild>
    <CustomBuild Include="Resources.qrc">
      <Filter>Resource Files</Filter>
    </CustomBuild>
    <CustomBuild Include="ThumbnailThread.h">
      <Filter>Header Files</Filter>
    </CustomBuild>
    <CustomBuild Include="PreviewPane.h">
      <Filter>Header Files</Filter>
    </CustomBuild>
    <CustomBuild Include="PlaybackSlider.h">
      <Filter>Header Files</Filter>
    </CustomBuild>
    <CustomBuild Include="NewMainWindow.h">
      <Filter>Header Files</Filter>
    </CustomBuild>
    <CustomBuild Include="MediaListWidget.h">
      <Filter>Header Files</Filter>
    </CustomBuild>
    <CustomBuild Include="MediaListItemWidget.h">
      <Filter>Header Files</Filter>
    </CustomBuild>
    <CustomBuild Include="MediaExplorerView.h">
      <Filter>Header Files</Filter>
    </CustomBuild>
    <CustomBuild Include="FileBrowserView.h">
      <Filter>Header Files</Filter>
    </CustomBuild>
    <CustomBuild Include="ImageSource.h">
      <Filter>Header Files</Filter>
    </CustomBuild>
  </ItemGroup>
  <ItemGroup>
    <CustomBuild Include="MainWindow.ui">
      <Filter>Form Files</Filter>
    </CustomBuild>
  </ItemGroup>
  <ItemGroup>
    <None Include="Widgets\marker.svg">
      <Filter>Resource Files</Filter>
    </None>
    <None Include="Widgets\star.svg">
      <Filter>Resource Files</Filter>
    </None>
    <None Include="Widgets\MediaExplorerItem.qml">
      <Filter>Form Files</Filter>
    </None>
    <None Include="Widgets\MediaExplorerList.qml">
      <Filter>Form Files</Filter>
    </None>
    <None Include="Widgets\RatingControl.qml">
      <Filter>Form Files</Filter>
    </None>
    <None Include="Widgets\ScrollBar.qml">
      <Filter>Form Files</Filter>
    </None>
  </ItemGroup>
  <ItemGroup>
    <ClInclude Include="DataStorage\StaticMemoryAllocator.h">
      <Filter>Header Files</Filter>
    </ClInclude>
    <ClInclude Include="DataProvider\RawSpeedDataProvider.h">
      <Filter>Header Files</Filter>
    </ClInclude>
    <ClInclude Include="DataProvider\LibRawDataProvider.h">
      <Filter>Header Files</Filter>
    </ClInclude>
    <ClInclude Include="DataProvider\FFmpegDataProvider.h">
      <Filter>Header Files</Filter>
    </ClInclude>
    <ClInclude Include="Core\ImageData.h">
      <Filter>Header Files</Filter>
    </ClInclude>
    <ClInclude Include="API\IDataProvider.h">
      <Filter>Header Files</Filter>
    </ClInclude>
    <ClInclude Include="API\IDataStorage.h">
      <Filter>Header Files</Filter>
    </ClInclude>
    <ClInclude Include="API\IPlugin.h">
      <Filter>Header Files</Filter>
    </ClInclude>
    <ClInclude Include="GeneratedFiles\ui_PreviewPane.h">
      <Filter>Generated Files</Filter>
    </ClInclude>
    <ClInclude Include="GeneratedFiles\ui_PlaybackSlider.h">
      <Filter>Generated Files</Filter>
    </ClInclude>
    <ClInclude Include="GeneratedFiles\ui_NewMainWindow.h">
      <Filter>Generated Files</Filter>
    </ClInclude>
    <ClInclude Include="GeneratedFiles\ui_MediaListWidget.h">
      <Filter>Generated Files</Filter>
    </ClInclude>
    <ClInclude Include="GeneratedFiles\ui_MediaListItemWidget.h">
      <Filter>Generated Files</Filter>
    </ClInclude>
    <ClInclude Include="GeneratedFiles\ui_MediaExplorerView.h">
      <Filter>Generated Files</Filter>
    </ClInclude>
    <ClInclude Include="GeneratedFiles\ui_FileBrowserView.h">
      <Filter>Generated Files</Filter>
    </ClInclude>
    <ClInclude Include="GeneratedFiles\ui_Console.h">
      <Filter>Generated Files</Filter>
    </ClInclude>
    <ClInclude Include="TestPluginA.h">
      <Filter>Header Files</Filter>
    </ClInclude>
  </ItemGroup>
  <ItemGroup>
    <Image Include="Icons\frame_fwd.png">
      <Filter>Resource Files</Filter>
    </Image>
    <Image Include="Icons\frame_rev.png">
      <Filter>Resource Files</Filter>
    </Image>
    <Image Include="Icons\jump_fwd.png">
      <Filter>Resource Files</Filter>
    </Image>
    <Image Include="Icons\jump_rev.png">
      <Filter>Resource Files</Filter>
    </Image>
    <Image Include="Icons\marker_end.png">
      <Filter>Resource Files</Filter>
    </Image>
    <Image Include="Icons\marker_start.png">
      <Filter>Resource Files</Filter>
    </Image>
    <Image Include="Icons\play_fwd.png">
      <Filter>Resource Files</Filter>
    </Image>
    <Image Include="Icons\play_rev.png">
      <Filter>Resource Files</Filter>
    </Image>
    <Image Include="Icons\stop.png">
      <Filter>Resource Files</Filter>
    </Image>
    <Image Include="Icons\pause.png">
      <Filter>Resource Files</Filter>
    </Image>
    <Image Include="Icons\logo.png">
      <Filter>Resource Files</Filter>
    </Image>
  </ItemGroup>
</Project>