
Microsoft Visual Studio Solution File, Format Version 12.00
# Visual Studio 2013
VisualStudioVersion = 12.0.31101.0
MinimumVisualStudioVersion = 10.0.40219.1
Project("{8BC9CEB8-8B4A-11D0-8D11-00A0C91BC942}") = "dng_sdk", "3rdParty\dng_sdk\dng_sdk.vcxproj", "{783A5C9B-F959-486D-A240-F97B66076F22}"
EndProject
Project("{8BC9CEB8-8B4A-11D0-8D11-00A0C91BC942}") = "XMPCore", "3rdParty\xmp_sdk\XMPCore\XMPCore.vcxproj", "{9270FA5C-4E83-4E49-8747-CAA92F35F23C}"
EndProject
Project("{8BC9CEB8-8B4A-11D0-8D11-00A0C91BC942}") = "XMPFiles", "3rdParty\xmp_sdk\XMPFiles\XMPFiles.vcxproj", "{BB54B416-5D39-4BF7-B172-9AA9F1E875B3}"
EndProject
Project("{8BC9CEB8-8B4A-11D0-8D11-00A0C91BC942}") = "libraw", "3rdParty\LibRaw\libraw.vcxproj", "{9C76BCB1-17D2-4B22-9749-8C33D44D024C}"
EndProject
Project("{8BC9CEB8-8B4A-11D0-8D11-00A0C91BC942}") = "OpenCine", "Source\OpenCine\OpenCine.vcxproj", "{7936EDD9-B6D9-3581-80A5-A7CEF5801EBF}"
	ProjectSection(ProjectDependencies) = postProject
		{9C76BCB1-17D2-4B22-9749-8C33D44D024C} = {9C76BCB1-17D2-4B22-9749-8C33D44D024C}
	EndProjectSection
EndProject
Project("{2150E333-8FDC-42A3-9474-1A3956D46DE8}") = "Dependencies", "Dependencies", "{55062531-F21E-4A6D-A2BF-284D903410AC}"
EndProject
Global
	GlobalSection(SolutionConfigurationPlatforms) = preSolution
		Debug|Win32 = Debug|Win32
		Debug|x64 = Debug|x64
		MinSizeRel|Win32 = MinSizeRel|Win32
		MinSizeRel|x64 = MinSizeRel|x64
		Release|Win32 = Release|Win32
		Release|x64 = Release|x64
		RelWithDebInfo|Win32 = RelWithDebInfo|Win32
		RelWithDebInfo|x64 = RelWithDebInfo|x64
	EndGlobalSection
	GlobalSection(ProjectConfigurationPlatforms) = postSolution
		{783A5C9B-F959-486D-A240-F97B66076F22}.Debug|Win32.ActiveCfg = Debug|Win32
		{783A5C9B-F959-486D-A240-F97B66076F22}.Debug|Win32.Build.0 = Debug|Win32
		{783A5C9B-F959-486D-A240-F97B66076F22}.Debug|x64.ActiveCfg = Debug|x64
		{783A5C9B-F959-486D-A240-F97B66076F22}.Debug|x64.Build.0 = Debug|x64
		{783A5C9B-F959-486D-A240-F97B66076F22}.MinSizeRel|Win32.ActiveCfg = Release|Win32
		{783A5C9B-F959-486D-A240-F97B66076F22}.MinSizeRel|Win32.Build.0 = Release|Win32
		{783A5C9B-F959-486D-A240-F97B66076F22}.MinSizeRel|x64.ActiveCfg = Release|x64
		{783A5C9B-F959-486D-A240-F97B66076F22}.MinSizeRel|x64.Build.0 = Release|x64
		{783A5C9B-F959-486D-A240-F97B66076F22}.Release|Win32.ActiveCfg = Release|Win32
		{783A5C9B-F959-486D-A240-F97B66076F22}.Release|Win32.Build.0 = Release|Win32
		{783A5C9B-F959-486D-A240-F97B66076F22}.Release|x64.ActiveCfg = Release|x64
		{783A5C9B-F959-486D-A240-F97B66076F22}.Release|x64.Build.0 = Release|x64
		{783A5C9B-F959-486D-A240-F97B66076F22}.RelWithDebInfo|Win32.ActiveCfg = Release|Win32
		{783A5C9B-F959-486D-A240-F97B66076F22}.RelWithDebInfo|Win32.Build.0 = Release|Win32
		{783A5C9B-F959-486D-A240-F97B66076F22}.RelWithDebInfo|x64.ActiveCfg = Release|x64
		{783A5C9B-F959-486D-A240-F97B66076F22}.RelWithDebInfo|x64.Build.0 = Release|x64
		{9270FA5C-4E83-4E49-8747-CAA92F35F23C}.Debug|Win32.ActiveCfg = Debug|Win32
		{9270FA5C-4E83-4E49-8747-CAA92F35F23C}.Debug|Win32.Build.0 = Debug|Win32
		{9270FA5C-4E83-4E49-8747-CAA92F35F23C}.Debug|x64.ActiveCfg = Debug|x64
		{9270FA5C-4E83-4E49-8747-CAA92F35F23C}.Debug|x64.Build.0 = Debug|x64
		{9270FA5C-4E83-4E49-8747-CAA92F35F23C}.MinSizeRel|Win32.ActiveCfg = Release|Win32
		{9270FA5C-4E83-4E49-8747-CAA92F35F23C}.MinSizeRel|Win32.Build.0 = Release|Win32
		{9270FA5C-4E83-4E49-8747-CAA92F35F23C}.MinSizeRel|x64.ActiveCfg = Release|x64
		{9270FA5C-4E83-4E49-8747-CAA92F35F23C}.MinSizeRel|x64.Build.0 = Release|x64
		{9270FA5C-4E83-4E49-8747-CAA92F35F23C}.Release|Win32.ActiveCfg = Release|Win32
		{9270FA5C-4E83-4E49-8747-CAA92F35F23C}.Release|Win32.Build.0 = Release|Win32
		{9270FA5C-4E83-4E49-8747-CAA92F35F23C}.Release|x64.ActiveCfg = Release|x64
		{9270FA5C-4E83-4E49-8747-CAA92F35F23C}.Release|x64.Build.0 = Release|x64
		{9270FA5C-4E83-4E49-8747-CAA92F35F23C}.RelWithDebInfo|Win32.ActiveCfg = Release|Win32
		{9270FA5C-4E83-4E49-8747-CAA92F35F23C}.RelWithDebInfo|Win32.Build.0 = Release|Win32
		{9270FA5C-4E83-4E49-8747-CAA92F35F23C}.RelWithDebInfo|x64.ActiveCfg = Release|x64
		{9270FA5C-4E83-4E49-8747-CAA92F35F23C}.RelWithDebInfo|x64.Build.0 = Release|x64
		{BB54B416-5D39-4BF7-B172-9AA9F1E875B3}.Debug|Win32.ActiveCfg = Debug|Win32
		{BB54B416-5D39-4BF7-B172-9AA9F1E875B3}.Debug|Win32.Build.0 = Debug|Win32
		{BB54B416-5D39-4BF7-B172-9AA9F1E875B3}.Debug|x64.ActiveCfg = Debug|x64
		{BB54B416-5D39-4BF7-B172-9AA9F1E875B3}.Debug|x64.Build.0 = Debug|x64
		{BB54B416-5D39-4BF7-B172-9AA9F1E875B3}.MinSizeRel|Win32.ActiveCfg = Release|Win32
		{BB54B416-5D39-4BF7-B172-9AA9F1E875B3}.MinSizeRel|Win32.Build.0 = Release|Win32
		{BB54B416-5D39-4BF7-B172-9AA9F1E875B3}.MinSizeRel|x64.ActiveCfg = Release|x64
		{BB54B416-5D39-4BF7-B172-9AA9F1E875B3}.MinSizeRel|x64.Build.0 = Release|x64
		{BB54B416-5D39-4BF7-B172-9AA9F1E875B3}.Release|Win32.ActiveCfg = Release|Win32
		{BB54B416-5D39-4BF7-B172-9AA9F1E875B3}.Release|Win32.Build.0 = Release|Win32
		{BB54B416-5D39-4BF7-B172-9AA9F1E875B3}.Release|x64.ActiveCfg = Release|x64
		{BB54B416-5D39-4BF7-B172-9AA9F1E875B3}.Release|x64.Build.0 = Release|x64
		{BB54B416-5D39-4BF7-B172-9AA9F1E875B3}.RelWithDebInfo|Win32.ActiveCfg = Release|Win32
		{BB54B416-5D39-4BF7-B172-9AA9F1E875B3}.RelWithDebInfo|Win32.Build.0 = Release|Win32
		{BB54B416-5D39-4BF7-B172-9AA9F1E875B3}.RelWithDebInfo|x64.ActiveCfg = Release|x64
		{BB54B416-5D39-4BF7-B172-9AA9F1E875B3}.RelWithDebInfo|x64.Build.0 = Release|x64
		{9C76BCB1-17D2-4B22-9749-8C33D44D024C}.Debug|Win32.ActiveCfg = Debug|Win32
		{9C76BCB1-17D2-4B22-9749-8C33D44D024C}.Debug|Win32.Build.0 = Debug|Win32
		{9C76BCB1-17D2-4B22-9749-8C33D44D024C}.Debug|x64.ActiveCfg = Debug|x64
		{9C76BCB1-17D2-4B22-9749-8C33D44D024C}.Debug|x64.Build.0 = Debug|x64
		{9C76BCB1-17D2-4B22-9749-8C33D44D024C}.MinSizeRel|Win32.ActiveCfg = Release|Win32
		{9C76BCB1-17D2-4B22-9749-8C33D44D024C}.MinSizeRel|Win32.Build.0 = Release|Win32
		{9C76BCB1-17D2-4B22-9749-8C33D44D024C}.MinSizeRel|x64.ActiveCfg = Release|Win32
		{9C76BCB1-17D2-4B22-9749-8C33D44D024C}.Release|Win32.ActiveCfg = Release|Win32
		{9C76BCB1-17D2-4B22-9749-8C33D44D024C}.Release|Win32.Build.0 = Release|Win32
		{9C76BCB1-17D2-4B22-9749-8C33D44D024C}.Release|x64.ActiveCfg = Release|x64
		{9C76BCB1-17D2-4B22-9749-8C33D44D024C}.Release|x64.Build.0 = Release|x64
		{9C76BCB1-17D2-4B22-9749-8C33D44D024C}.RelWithDebInfo|Win32.ActiveCfg = Release|Win32
		{9C76BCB1-17D2-4B22-9749-8C33D44D024C}.RelWithDebInfo|Win32.Build.0 = Release|Win32
		{9C76BCB1-17D2-4B22-9749-8C33D44D024C}.RelWithDebInfo|x64.ActiveCfg = Release|Win32
		{7936EDD9-B6D9-3581-80A5-A7CEF5801EBF}.Debug|Win32.ActiveCfg = Debug|x64
		{7936EDD9-B6D9-3581-80A5-A7CEF5801EBF}.Debug|x64.ActiveCfg = Debug|x64
		{7936EDD9-B6D9-3581-80A5-A7CEF5801EBF}.Debug|x64.Build.0 = Debug|x64
		{7936EDD9-B6D9-3581-80A5-A7CEF5801EBF}.MinSizeRel|Win32.ActiveCfg = Release|x64
		{7936EDD9-B6D9-3581-80A5-A7CEF5801EBF}.MinSizeRel|x64.ActiveCfg = Release|x64
		{7936EDD9-B6D9-3581-80A5-A7CEF5801EBF}.MinSizeRel|x64.Build.0 = Release|x64
		{7936EDD9-B6D9-3581-80A5-A7CEF5801EBF}.Release|Win32.ActiveCfg = Release|x64
		{7936EDD9-B6D9-3581-80A5-A7CEF5801EBF}.Release|x64.ActiveCfg = Release|x64
		{7936EDD9-B6D9-3581-80A5-A7CEF5801EBF}.Release|x64.Build.0 = Release|x64
		{7936EDD9-B6D9-3581-80A5-A7CEF5801EBF}.RelWithDebInfo|Win32.ActiveCfg = Release|x64
		{7936EDD9-B6D9-3581-80A5-A7CEF5801EBF}.RelWithDebInfo|x64.ActiveCfg = Release|x64
		{7936EDD9-B6D9-3581-80A5-A7CEF5801EBF}.RelWithDebInfo|x64.Build.0 = Release|x64
	EndGlobalSection
	GlobalSection(SolutionProperties) = preSolution
		HideSolutionNode = FALSE
	EndGlobalSection
	GlobalSection(NestedProjects) = preSolution
		{783A5C9B-F959-486D-A240-F97B66076F22} = {55062531-F21E-4A6D-A2BF-284D903410AC}
		{9270FA5C-4E83-4E49-8747-CAA92F35F23C} = {55062531-F21E-4A6D-A2BF-284D903410AC}
		{BB54B416-5D39-4BF7-B172-9AA9F1E875B3} = {55062531-F21E-4A6D-A2BF-284D903410AC}
		{9C76BCB1-17D2-4B22-9749-8C33D44D024C} = {55062531-F21E-4A6D-A2BF-284D903410AC}
	EndGlobalSection
EndGlobal
